{
  "nodes": {
    "flake-utils": {
      "locked": {
        "lastModified": 1667395993,
        "narHash": "sha256-nuEHfE/LcWyuSWnS8t12N1wc105Qtau+/OdUAjtQ0rA=",
        "owner": "numtide",
        "repo": "flake-utils",
        "rev": "5aed5285a952e0b949eb3ba02c12fa4fcfef535f",
        "type": "github"
      },
      "original": {
        "owner": "numtide",
        "repo": "flake-utils",
        "type": "github"
      }
    },
    "flake-utils_2": {
      "locked": {
        "lastModified": 1667395993,
        "narHash": "sha256-nuEHfE/LcWyuSWnS8t12N1wc105Qtau+/OdUAjtQ0rA=",
        "owner": "numtide",
        "repo": "flake-utils",
        "rev": "5aed5285a952e0b949eb3ba02c12fa4fcfef535f",
        "type": "github"
      },
      "original": {
        "owner": "numtide",
        "repo": "flake-utils",
        "type": "github"
      }
    },
    "neovim-flake": {
      "inputs": {
        "flake-utils": "flake-utils_2",
        "nixpkgs": [
          "nixpkgs"
        ]
      },
      "locked": {
        "dir": "contrib",
        "lastModified": 1672934432,
        "narHash": "sha256-py9Sl4RFEfQ09KW3AyTM/2Xo3ctK9Njc3Hs8iBEe3Cw=",
        "owner": "neovim",
        "repo": "neovim",
        "rev": "39d70fcafd6efa9d01b88bb90cab81c393040453",
        "type": "github"
      },
      "original": {
        "dir": "contrib",
        "owner": "neovim",
        "repo": "neovim",
        "type": "github"
      }
    },
    "nixpkgs": {
      "locked": {
        "lastModified": 1672756850,
        "narHash": "sha256-Smbq3+fitwA13qsTMeaaurv09/KVbZfW7m7lINwzDGA=",
        "owner": "nixos",
        "repo": "nixpkgs",
        "rev": "298add347c2bbce14020fcb54051f517c391196b",
        "type": "github"
      },
      "original": {
        "owner": "nixos",
        "ref": "nixpkgs-unstable",
        "repo": "nixpkgs",
        "type": "github"
      }
    },
    "plugin:gitsigns": {
      "flake": false,
      "locked": {
        "lastModified": 1672864741,
        "narHash": "sha256-P0pglRoFAY/i8QYutlskQIys6ziWJBYyrKmZ+KQ/jIQ=",
        "owner": "lewis6991",
        "repo": "gitsigns.nvim",
        "rev": "d4f8c01280413919349f5df7daccd0c172143d7c",
        "type": "github"
      },
      "original": {
        "owner": "lewis6991",
        "repo": "gitsigns.nvim",
        "type": "github"
      }
    },
    "plugin:onedark-vim": {
      "flake": false,
      "locked": {
        "lastModified": 1665434351,
        "narHash": "sha256-Q/qmCbyppb40KojXRxCQLNK8OapStHJ90T33Mb75gFc=",
        "owner": "joshdick",
        "repo": "onedark.vim",
        "rev": "b6b5ffe31a195a3077338d7a506b905e4a51590f",
        "type": "github"
      },
      "original": {
        "owner": "joshdick",
        "repo": "onedark.vim",
        "type": "github"
      }
    },
    "root": {
      "inputs": {
        "flake-utils": "flake-utils",
        "neovim-flake": "neovim-flake",
        "nixpkgs": "nixpkgs",
        "plugin:gitsigns": "plugin:gitsigns",
        "plugin:onedark-vim": "plugin:onedark-vim"
      }
    }
  },
  "root": "root",
  "version": 7
}
